// !$*UTF8*$!
{
	archiveVersion = 1;
	classes = {
	};
	objectVersion = 77;
	objects = {

/* Begin PBXBuildFile section */
		B7BC933B2D8E1182005DAB0C /* hello_rust_lib.xcframework in Frameworks */ = {isa = PBXBuildFile; fileRef = B7BC933A2D8E1182005DAB0C /* hello_rust_lib.xcframework */; };
/* End PBXBuildFile section */

/* Begin PBXContainerItemProxy section */
		B7D71F902D8563E000E33984 /* PBXContainerItemProxy */ = {
			isa = PBXContainerItemProxy;
			containerPortal = B7D71F772D8563DD00E33984 /* Project object */;
			proxyType = 1;
			remoteGlobalIDString = B7D71F7E2D8563DD00E33984;
			remoteInfo = "Hello Rust";
		};
		B7D71F9A2D8563E000E33984 /* PBXContainerItemProxy */ = {
			isa = PBXContainerItemProxy;
			containerPortal = B7D71F772D8563DD00E33984 /* Project object */;
			proxyType = 1;
			remoteGlobalIDString = B7D71F7E2D8563DD00E33984;
			remoteInfo = "Hello Rust";
		};
/* End PBXContainerItemProxy section */

/* Begin PBXFileReference section */
		B74B63D82D85D096005E1D87 /* hello_rust_lib.h */ = {isa = PBXFileReference; lastKnownFileType = sourcecode.c.h; path = hello_rust_lib.h; sourceTree = "<group>"; };
		B7BC933A2D8E1182005DAB0C /* hello_rust_lib.xcframework */ = {isa = PBXFileReference; lastKnownFileType = wrapper.xcframework; path = hello_rust_lib.xcframework; sourceTree = "<group>"; };
		B7D71F7F2D8563DD00E33984 /* Hello Rust.app */ = {isa = PBXFileReference; explicitFileType = wrapper.application; includeInIndex = 0; path = "Hello Rust.app"; sourceTree = BUILT_PRODUCTS_DIR; };
		B7D71F8F2D8563E000E33984 /* Hello RustTests.xctest */ = {isa = PBXFileReference; explicitFileType = wrapper.cfbundle; includeInIndex = 0; path = "Hello RustTests.xctest"; sourceTree = BUILT_PRODUCTS_DIR; };
		B7D71F992D8563E000E33984 /* Hello RustUITests.xctest */ = {isa = PBXFileReference; explicitFileType = wrapper.cfbundle; includeInIndex = 0; path = "Hello RustUITests.xctest"; sourceTree = BUILT_PRODUCTS_DIR; };
		B7DE8C582D85D069005AEBD0 /* Hello Rust-Bridging-Header.h */ = {isa = PBXFileReference; lastKnownFileType = sourcecode.c.h; path = "Hello Rust-Bridging-Header.h"; sourceTree = "<group>"; };
/* End PBXFileReference section */

/* Begin PBXFileSystemSynchronizedRootGroup section */
		B7D71F812D8563DD00E33984 /* Hello Rust */ = {
			isa = PBXFileSystemSynchronizedRootGroup;
			path = "Hello Rust";
			sourceTree = "<group>";
		};
		B7D71F922D8563E000E33984 /* Hello RustTests */ = {
			isa = PBXFileSystemSynchronizedRootGroup;
			path = "Hello RustTests";
			sourceTree = "<group>";
		};
		B7D71F9C2D8563E000E33984 /* Hello RustUITests */ = {
			isa = PBXFileSystemSynchronizedRootGroup;
			path = "Hello RustUITests";
			sourceTree = "<group>";
		};
/* End PBXFileSystemSynchronizedRootGroup section */

/* Begin PBXFrameworksBuildPhase section */
		B7D71F7C2D8563DD00E33984 /* Frameworks */ = {
			isa = PBXFrameworksBuildPhase;
			buildActionMask = 2147483647;
			files = (
				B7BC933B2D8E1182005DAB0C /* hello_rust_lib.xcframework in Frameworks */,
			);
			runOnlyForDeploymentPostprocessing = 0;
		};
		B7D71F8C2D8563E000E33984 /* Frameworks */ = {
			isa = PBXFrameworksBuildPhase;
			buildActionMask = 2147483647;
			files = (
			);
			runOnlyForDeploymentPostprocessing = 0;
		};
		B7D71F962D8563E000E33984 /* Frameworks */ = {
			isa = PBXFrameworksBuildPhase;
			buildActionMask = 2147483647;
			files = (
			);
			runOnlyForDeploymentPostprocessing = 0;
		};
/* End PBXFrameworksBuildPhase section */

/* Begin PBXGroup section */
		B7C4B70D2D85CD0800705DD8 /* Rust Bridge */ = {
			isa = PBXGroup;
			children = (
				B74B63D82D85D096005E1D87 /* hello_rust_lib.h */,
				B7DE8C582D85D069005AEBD0 /* Hello Rust-Bridging-Header.h */,
			);
			path = "Rust Bridge";
			sourceTree = "<group>";
		};
		B7D71F762D8563DD00E33984 = {
			isa = PBXGroup;
			children = (
				B7BC933A2D8E1182005DAB0C /* hello_rust_lib.xcframework */,
				B7C4B70D2D85CD0800705DD8 /* Rust Bridge */,
				B7D71F812D8563DD00E33984 /* Hello Rust */,
				B7D71F922D8563E000E33984 /* Hello RustTests */,
				B7D71F9C2D8563E000E33984 /* Hello RustUITests */,
				B7D71F802D8563DD00E33984 /* Products */,
			);
			sourceTree = "<group>";
		};
		B7D71F802D8563DD00E33984 /* Products */ = {
			isa = PBXGroup;
			children = (
				B7D71F7F2D8563DD00E33984 /* Hello Rust.app */,
				B7D71F8F2D8563E000E33984 /* Hello RustTests.xctest */,
				B7D71F992D8563E000E33984 /* Hello RustUITests.xctest */,
			);
			name = Products;
			sourceTree = "<group>";
		};
/* End PBXGroup section */

/* Begin PBXNativeTarget section */
		B7D71F7E2D8563DD00E33984 /* Hello Rust */ = {
			isa = PBXNativeTarget;
			buildConfigurationList = B7D71FA32D8563E000E33984 /* Build configuration list for PBXNativeTarget "Hello Rust" */;
			buildPhases = (
				B7D71F7B2D8563DD00E33984 /* Sources */,
				B7D71F7C2D8563DD00E33984 /* Frameworks */,
				B7D71F7D2D8563DD00E33984 /* Resources */,
			);
			buildRules = (
			);
			dependencies = (
			);
			fileSystemSynchronizedGroups = (
				B7D71F812D8563DD00E33984 /* Hello Rust */,
			);
			name = "Hello Rust";
			packageProductDependencies = (
			);
			productName = "Hello Rust";
			productReference = B7D71F7F2D8563DD00E33984 /* Hello Rust.app */;
			productType = "com.apple.product-type.application";
		};
		B7D71F8E2D8563E000E33984 /* Hello RustTests */ = {
			isa = PBXNativeTarget;
			buildConfigurationList = B7D71FA62D8563E000E33984 /* Build configuration list for PBXNativeTarget "Hello RustTests" */;
			buildPhases = (
				B7D71F8B2D8563E000E33984 /* Sources */,
				B7D71F8C2D8563E000E33984 /* Frameworks */,
				B7D71F8D2D8563E000E33984 /* Resources */,
			);
			buildRules = (
			);
			dependencies = (
				B7D71F912D8563E000E33984 /* PBXTargetDependency */,
			);
			fileSystemSynchronizedGroups = (
				B7D71F922D8563E000E33984 /* Hello RustTests */,
			);
			name = "Hello RustTests";
			packageProductDependencies = (
			);
			productName = "Hello RustTests";
			productReference = B7D71F8F2D8563E000E33984 /* Hello RustTests.xctest */;
			productType = "com.apple.product-type.bundle.unit-test";
		};
		B7D71F982D8563E000E33984 /* Hello RustUITests */ = {
			isa = PBXNativeTarget;
			buildConfigurationList = B7D71FA92D8563E000E33984 /* Build configuration list for PBXNativeTarget "Hello RustUITests" */;
			buildPhases = (
				B7D71F952D8563E000E33984 /* Sources */,
				B7D71F962D8563E000E33984 /* Frameworks */,
				B7D71F972D8563E000E33984 /* Resources */,
			);
			buildRules = (
			);
			dependencies = (
				B7D71F9B2D8563E000E33984 /* PBXTargetDependency */,
			);
			fileSystemSynchronizedGroups = (
				B7D71F9C2D8563E000E33984 /* Hello RustUITests */,
			);
			name = "Hello RustUITests";
			packageProductDependencies = (
			);
			productName = "Hello RustUITests";
			productReference = B7D71F992D8563E000E33984 /* Hello RustUITests.xctest */;
			productType = "com.apple.product-type.bundle.ui-testing";
		};
/* End PBXNativeTarget section */

/* Begin PBXProject section */
		B7D71F772D8563DD00E33984 /* Project object */ = {
			isa = PBXProject;
			attributes = {
				BuildIndependentTargetsInParallel = 1;
				LastSwiftUpdateCheck = 1610;
				LastUpgradeCheck = 1610;
				TargetAttributes = {
					B7D71F7E2D8563DD00E33984 = {
						CreatedOnToolsVersion = 16.1;
						LastSwiftMigration = 1610;
					};
					B7D71F8E2D8563E000E33984 = {
						CreatedOnToolsVersion = 16.1;
						TestTargetID = B7D71F7E2D8563DD00E33984;
					};
					B7D71F982D8563E000E33984 = {
						CreatedOnToolsVersion = 16.1;
						TestTargetID = B7D71F7E2D8563DD00E33984;
					};
				};
			};
			buildConfigurationList = B7D71F7A2D8563DD00E33984 /* Build configuration list for PBXProject "Hello Rust" */;
			developmentRegion = en;
			hasScannedForEncodings = 0;
			knownRegions = (
				en,
				Base,
			);
			mainGroup = B7D71F762D8563DD00E33984;
			minimizedProjectReferenceProxies = 1;
			preferredProjectObjectVersion = 77;
			productRefGroup = B7D71F802D8563DD00E33984 /* Products */;
			projectDirPath = "";
			projectRoot = "";
			targets = (
				B7D71F7E2D8563DD00E33984 /* Hello Rust */,
				B7D71F8E2D8563E000E33984 /* Hello RustTests */,
				B7D71F982D8563E000E33984 /* Hello RustUITests */,
			);
		};
/* End PBXProject section */

/* Begin PBXResourcesBuildPhase section */
		B7D71F7D2D8563DD00E33984 /* Resources */ = {
			isa = PBXResourcesBuildPhase;
			buildActionMask = 2147483647;
			files = (
			);
			runOnlyForDeploymentPostprocessing = 0;
		};
		B7D71F8D2D8563E000E33984 /* Resources */ = {
			isa = PBXResourcesBuildPhase;
			buildActionMask = 2147483647;
			files = (
			);
			runOnlyForDeploymentPostprocessing = 0;
		};
		B7D71F972D8563E000E33984 /* Resources */ = {
			isa = PBXResourcesBuildPhase;
			buildActionMask = 2147483647;
			files = (
			);
			runOnlyForDeploymentPostprocessing = 0;
		};
/* End PBXResourcesBuildPhase section */

/* Begin PBXSourcesBuildPhase section */
		B7D71F7B2D8563DD00E33984 /* Sources */ = {
			isa = PBXSourcesBuildPhase;
			buildActionMask = 2147483647;
			files = (
			);
			runOnlyForDeploymentPostprocessing = 0;
		};
		B7D71F8B2D8563E000E33984 /* Sources */ = {
			isa = PBXSourcesBuildPhase;
			buildActionMask = 2147483647;
			files = (
			);
			runOnlyForDeploymentPostprocessing = 0;
		};
		B7D71F952D8563E000E33984 /* Sources */ = {
			isa = PBXSourcesBuildPhase;
			buildActionMask = 2147483647;
			files = (
			);
			runOnlyForDeploymentPostprocessing = 0;
		};
/* End PBXSourcesBuildPhase section */

/* Begin PBXTargetDependency section */
		B7D71F912D8563E000E33984 /* PBXTargetDependency */ = {
			isa = PBXTargetDependency;
			target = B7D71F7E2D8563DD00E33984 /* Hello Rust */;
			targetProxy = B7D71F902D8563E000E33984 /* PBXContainerItemProxy */;
		};
		B7D71F9B2D8563E000E33984 /* PBXTargetDependency */ = {
			isa = PBXTargetDependency;
			target = B7D71F7E2D8563DD00E33984 /* Hello Rust */;
			targetProxy = B7D71F9A2D8563E000E33984 /* PBXContainerItemProxy */;
		};
/* End PBXTargetDependency section */

/* Begin XCBuildConfiguration section */
		B7D71FA12D8563E000E33984 /* Debug */ = {
			isa = XCBuildConfiguration;
			buildSettings = {
				ALWAYS_SEARCH_USER_PATHS = NO;
				ASSETCATALOG_COMPILER_GENERATE_SWIFT_ASSET_SYMBOL_EXTENSIONS = YES;
				CLANG_ANALYZER_NONNULL = YES;
				CLANG_ANALYZER_NUMBER_OBJECT_CONVERSION = YES_AGGRESSIVE;
				CLANG_CXX_LANGUAGE_STANDARD = "gnu++20";
				CLANG_ENABLE_MODULES = YES;
				CLANG_ENABLE_OBJC_ARC = YES;
				CLANG_ENABLE_OBJC_WEAK = YES;
				CLANG_WARN_BLOCK_CAPTURE_AUTORELEASING = YES;
				CLANG_WARN_BOOL_CONVERSION = YES;
				CLANG_WARN_COMMA = YES;
				CLANG_WARN_CONSTANT_CONVERSION = YES;
				CLANG_WARN_DEPRECATED_OBJC_IMPLEMENTATIONS = YES;
				CLANG_WARN_DIRECT_OBJC_ISA_USAGE = YES_ERROR;
				CLANG_WARN_DOCUMENTATION_COMMENTS = YES;
				CLANG_WARN_EMPTY_BODY = YES;
				CLANG_WARN_ENUM_CONVERSION = YES;
				CLANG_WARN_INFINITE_RECURSION = YES;
				CLANG_WARN_INT_CONVERSION = YES;
				CLANG_WARN_NON_LITERAL_NULL_CONVERSION = YES;
				CLANG_WARN_OBJC_IMPLICIT_RETAIN_SELF = YES;
				CLANG_WARN_OBJC_LITERAL_CONVERSION = YES;
				CLANG_WARN_OBJC_ROOT_CLASS = YES_ERROR;
				CLANG_WARN_QUOTED_INCLUDE_IN_FRAMEWORK_HEADER = YES;
				CLANG_WARN_RANGE_LOOP_ANALYSIS = YES;
				CLANG_WARN_STRICT_PROTOTYPES = YES;
				CLANG_WARN_SUSPICIOUS_MOVE = YES;
				CLANG_WARN_UNGUARDED_AVAILABILITY = YES_AGGRESSIVE;
				CLANG_WARN_UNREACHABLE_CODE = YES;
				CLANG_WARN__DUPLICATE_METHOD_MATCH = YES;
				COPY_PHASE_STRIP = NO;
				DEBUG_INFORMATION_FORMAT = dwarf;
				ENABLE_STRICT_OBJC_MSGSEND = YES;
				ENABLE_TESTABILITY = YES;
				ENABLE_USER_SCRIPT_SANDBOXING = YES;
				GCC_C_LANGUAGE_STANDARD = gnu17;
				GCC_DYNAMIC_NO_PIC = NO;
				GCC_NO_COMMON_BLOCKS = YES;
				GCC_OPTIMIZATION_LEVEL = 0;
				GCC_PREPROCESSOR_DEFINITIONS = (
					"DEBUG=1",
					"$(inherited)",
				);
				GCC_WARN_64_TO_32_BIT_CONVERSION = YES;
				GCC_WARN_ABOUT_RETURN_TYPE = YES_ERROR;
				GCC_WARN_UNDECLARED_SELECTOR = YES;
				GCC_WARN_UNINITIALIZED_AUTOS = YES_AGGRESSIVE;
				GCC_WARN_UNUSED_FUNCTION = YES;
				GCC_WARN_UNUSED_VARIABLE = YES;
				IPHONEOS_DEPLOYMENT_TARGET = 18.1;
				LOCALIZATION_PREFERS_STRING_CATALOGS = YES;
				MTL_ENABLE_DEBUG_INFO = INCLUDE_SOURCE;
				MTL_FAST_MATH = YES;
				ONLY_ACTIVE_ARCH = YES;
				SDKROOT = iphoneos;
				SWIFT_ACTIVE_COMPILATION_CONDITIONS = "DEBUG $(inherited)";
				SWIFT_OPTIMIZATION_LEVEL = "-Onone";
			};
			name = Debug;
		};
		B7D71FA22D8563E000E33984 /* Release */ = {
			isa = XCBuildConfiguration;
			buildSettings = {
				ALWAYS_SEARCH_USER_PATHS = NO;
				ASSETCATALOG_COMPILER_GENERATE_SWIFT_ASSET_SYMBOL_EXTENSIONS = YES;
				CLANG_ANALYZER_NONNULL = YES;
				CLANG_ANALYZER_NUMBER_OBJECT_CONVERSION = YES_AGGRESSIVE;
				CLANG_CXX_LANGUAGE_STANDARD = "gnu++20";
				CLANG_ENABLE_MODULES = YES;
				CLANG_ENABLE_OBJC_ARC = YES;
				CLANG_ENABLE_OBJC_WEAK = YES;
				CLANG_WARN_BLOCK_CAPTURE_AUTORELEASING = YES;
				CLANG_WARN_BOOL_CONVERSION = YES;
				CLANG_WARN_COMMA = YES;
				CLANG_WARN_CONSTANT_CONVERSION = YES;
				CLANG_WARN_DEPRECATED_OBJC_IMPLEMENTATIONS = YES;
				CLANG_WARN_DIRECT_OBJC_ISA_USAGE = YES_ERROR;
				CLANG_WARN_DOCUMENTATION_COMMENTS = YES;
				CLANG_WARN_EMPTY_BODY = YES;
				CLANG_WARN_ENUM_CONVERSION = YES;
				CLANG_WARN_INFINITE_RECURSION = YES;
				CLANG_WARN_INT_CONVERSION = YES;
				CLANG_WARN_NON_LITERAL_NULL_CONVERSION = YES;
				CLANG_WARN_OBJC_IMPLICIT_RETAIN_SELF = YES;
				CLANG_WARN_OBJC_LITERAL_CONVERSION = YES;
				CLANG_WARN_OBJC_ROOT_CLASS = YES_ERROR;
				CLANG_WARN_QUOTED_INCLUDE_IN_FRAMEWORK_HEADER = YES;
				CLANG_WARN_RANGE_LOOP_ANALYSIS = YES;
				CLANG_WARN_STRICT_PROTOTYPES = YES;
				CLANG_WARN_SUSPICIOUS_MOVE = YES;
				CLANG_WARN_UNGUARDED_AVAILABILITY = YES_AGGRESSIVE;
				CLANG_WARN_UNREACHABLE_CODE = YES;
				CLANG_WARN__DUPLICATE_METHOD_MATCH = YES;
				COPY_PHASE_STRIP = NO;
				DEBUG_INFORMATION_FORMAT = "dwarf-with-dsym";
				ENABLE_NS_ASSERTIONS = NO;
				ENABLE_STRICT_OBJC_MSGSEND = YES;
				ENABLE_USER_SCRIPT_SANDBOXING = YES;
				GCC_C_LANGUAGE_STANDARD = gnu17;
				GCC_NO_COMMON_BLOCKS = YES;
				GCC_WARN_64_TO_32_BIT_CONVERSION = YES;
				GCC_WARN_ABOUT_RETURN_TYPE = YES_ERROR;
				GCC_WARN_UNDECLARED_SELECTOR = YES;
				GCC_WARN_UNINITIALIZED_AUTOS = YES_AGGRESSIVE;
				GCC_WARN_UNUSED_FUNCTION = YES;
				GCC_WARN_UNUSED_VARIABLE = YES;
				IPHONEOS_DEPLOYMENT_TARGET = 18.1;
				LOCALIZATION_PREFERS_STRING_CATALOGS = YES;
				MTL_ENABLE_DEBUG_INFO = NO;
				MTL_FAST_MATH = YES;
				SDKROOT = iphoneos;
				SWIFT_COMPILATION_MODE = wholemodule;
				VALIDATE_PRODUCT = YES;
			};
			name = Release;
		};
		B7D71FA42D8563E000E33984 /* Debug */ = {
			isa = XCBuildConfiguration;
			buildSettings = {
				ASSETCATALOG_COMPILER_APPICON_NAME = AppIcon;
				ASSETCATALOG_COMPILER_GLOBAL_ACCENT_COLOR_NAME = AccentColor;
				CLANG_ENABLE_MODULES = YES;
				CODE_SIGN_STYLE = Automatic;
				CURRENT_PROJECT_VERSION = 1;
				DEVELOPMENT_ASSET_PATHS = "\"Hello Rust/Preview Content\"";
				ENABLE_PREVIEWS = YES;
				GENERATE_INFOPLIST_FILE = YES;
				INFOPLIST_KEY_UIApplicationSceneManifest_Generation = YES;
				INFOPLIST_KEY_UIApplicationSupportsIndirectInputEvents = YES;
				INFOPLIST_KEY_UILaunchScreen_Generation = YES;
				INFOPLIST_KEY_UISupportedInterfaceOrientations_iPad = "UIInterfaceOrientationPortrait UIInterfaceOrientationPortraitUpsideDown UIInterfaceOrientationLandscapeLeft UIInterfaceOrientationLandscapeRight";
				INFOPLIST_KEY_UISupportedInterfaceOrientations_iPhone = "UIInterfaceOrientationPortrait UIInterfaceOrientationLandscapeLeft UIInterfaceOrientationLandscapeRight";
				LD_RUNPATH_SEARCH_PATHS = (
					"$(inherited)",
					"@executable_path/Frameworks",
				);
				MARKETING_VERSION = 1.0;
				PRODUCT_BUNDLE_IDENTIFIER = com.curtesmalteser.hellorust;
				PRODUCT_NAME = "$(TARGET_NAME)";
				SWIFT_EMIT_LOC_STRINGS = YES;
				SWIFT_OBJC_BRIDGING_HEADER = "Rust Bridge/Hello Rust-Bridging-Header.h";
				SWIFT_OPTIMIZATION_LEVEL = "-Onone";
				SWIFT_VERSION = 5.0;
				TARGETED_DEVICE_FAMILY = "1,2";
			};
			name = Debug;
		};
		B7D71FA52D8563E000E33984 /* Release */ = {
			isa = XCBuildConfiguration;
			buildSettings = {
				ASSETCATALOG_COMPILER_APPICON_NAME = AppIcon;
				ASSETCATALOG_COMPILER_GLOBAL_ACCENT_COLOR_NAME = AccentColor;
				CLANG_ENABLE_MODULES = YES;
				CODE_SIGN_STYLE = Automatic;
				CURRENT_PROJECT_VERSION = 1;
				DEVELOPMENT_ASSET_PATHS = "\"Hello Rust/Preview Content\"";
				ENABLE_PREVIEWS = YES;
				GENERATE_INFOPLIST_FILE = YES;
				INFOPLIST_KEY_UIApplicationSceneManifest_Generation = YES;
				INFOPLIST_KEY_UIApplicationSupportsIndirectInputEvents = YES;
				INFOPLIST_KEY_UILaunchScreen_Generation = YES;
				INFOPLIST_KEY_UISupportedInterfaceOrientations_iPad = "UIInterfaceOrientationPortrait UIInterfaceOrientationPortraitUpsideDown UIInterfaceOrientationLandscapeLeft UIInterfaceOrientationLandscapeRight";
				INFOPLIST_KEY_UISupportedInterfaceOrientations_iPhone = "UIInterfaceOrientationPortrait UIInterfaceOrientationLandscapeLeft UIInterfaceOrientationLandscapeRight";
				LD_RUNPATH_SEARCH_PATHS = (
					"$(inherited)",
					"@executable_path/Frameworks",
				);
				MARKETING_VERSION = 1.0;
				PRODUCT_BUNDLE_IDENTIFIER = com.curtesmalteser.hellorust;
				PRODUCT_NAME = "$(TARGET_NAME)";
				SWIFT_EMIT_LOC_STRINGS = YES;
				SWIFT_OBJC_BRIDGING_HEADER = "Rust Bridge/Hello Rust-Bridging-Header.h";
				SWIFT_VERSION = 5.0;
				TARGETED_DEVICE_FAMILY = "1,2";
			};
			name = Release;
		};
		B7D71FA72D8563E000E33984 /* Debug */ = {
			isa = XCBuildConfiguration;
			buildSettings = {
				BUNDLE_LOADER = "$(TEST_HOST)";
				CODE_SIGN_STYLE = Automatic;
				CURRENT_PROJECT_VERSION = 1;
				GENERATE_INFOPLIST_FILE = YES;
				IPHONEOS_DEPLOYMENT_TARGET = 18.1;
				MARKETING_VERSION = 1.0;
				PRODUCT_BUNDLE_IDENTIFIER = "com.curtesmalteser.Hello-RustTests";
				PRODUCT_NAME = "$(TARGET_NAME)";
				SWIFT_EMIT_LOC_STRINGS = NO;
				SWIFT_VERSION = 5.0;
				TARGETED_DEVICE_FAMILY = "1,2";
				TEST_HOST = "$(BUILT_PRODUCTS_DIR)/Hello Rust.app/$(BUNDLE_EXECUTABLE_FOLDER_PATH)/Hello Rust";
			};
			name = Debug;
		};
		B7D71FA82D8563E000E33984 /* Release */ = {
			isa = XCBuildConfiguration;
			buildSettings = {
				BUNDLE_LOADER = "$(TEST_HOST)";
				CODE_SIGN_STYLE = Automatic;
				CURRENT_PROJECT_VERSION = 1;
				GENERATE_INFOPLIST_FILE = YES;
				IPHONEOS_DEPLOYMENT_TARGET = 18.1;
				MARKETING_VERSION = 1.0;
				PRODUCT_BUNDLE_IDENTIFIER = "com.curtesmalteser.Hello-RustTests";
				PRODUCT_NAME = "$(TARGET_NAME)";
				SWIFT_EMIT_LOC_STRINGS = NO;
				SWIFT_VERSION = 5.0;
				TARGETED_DEVICE_FAMILY = "1,2";
				TEST_HOST = "$(BUILT_PRODUCTS_DIR)/Hello Rust.app/$(BUNDLE_EXECUTABLE_FOLDER_PATH)/Hello Rust";
			};
			name = Release;
		};
		B7D71FAA2D8563E000E33984 /* Debug */ = {
			isa = XCBuildConfiguration;
			buildSettings = {
				CODE_SIGN_STYLE = Automatic;
				CURRENT_PROJECT_VERSION = 1;
				GENERATE_INFOPLIST_FILE = YES;
				MARKETING_VERSION = 1.0;
				PRODUCT_BUNDLE_IDENTIFIER = "com.curtesmalteser.Hello-RustUITests";
				PRODUCT_NAME = "$(TARGET_NAME)";
				SWIFT_EMIT_LOC_STRINGS = NO;
				SWIFT_VERSION = 5.0;
				TARGETED_DEVICE_FAMILY = "1,2";
				TEST_TARGET_NAME = "Hello Rust";
			};
			name = Debug;
		};
		B7D71FAB2D8563E000E33984 /* Release */ = {
			isa = XCBuildConfiguration;
			buildSettings = {
				CODE_SIGN_STYLE = Automatic;
				CURRENT_PROJECT_VERSION = 1;
				GENERATE_INFOPLIST_FILE = YES;
				MARKETING_VERSION = 1.0;
				PRODUCT_BUNDLE_IDENTIFIER = "com.curtesmalteser.Hello-RustUITests";
				PRODUCT_NAME = "$(TARGET_NAME)";
				SWIFT_EMIT_LOC_STRINGS = NO;
				SWIFT_VERSION = 5.0;
				TARGETED_DEVICE_FAMILY = "1,2";
				TEST_TARGET_NAME = "Hello Rust";
			};
			name = Release;
		};
/* End XCBuildConfiguration section */

/* Begin XCConfigurationList section */
		B7D71F7A2D8563DD00E33984 /* Build configuration list for PBXProject "Hello Rust" */ = {
			isa = XCConfigurationList;
			buildConfigurations = (
				B7D71FA12D8563E000E33984 /* Debug */,
				B7D71FA22D8563E000E33984 /* Release */,
			);
			defaultConfigurationIsVisible = 0;
			defaultConfigurationName = Release;
		};
		B7D71FA32D8563E000E33984 /* Build configuration list for PBXNativeTarget "Hello Rust" */ = {
			isa = XCConfigurationList;
			buildConfigurations = (
				B7D71FA42D8563E000E33984 /* Debug */,
				B7D71FA52D8563E000E33984 /* Release */,
			);
			defaultConfigurationIsVisible = 0;
			defaultConfigurationName = Release;
		};
		B7D71FA62D8563E000E33984 /* Build configuration list for PBXNativeTarget "Hello RustTests" */ = {
			isa = XCConfigurationList;
			buildConfigurations = (
				B7D71FA72D8563E000E33984 /* Debug */,
				B7D71FA82D8563E000E33984 /* Release */,
			);
			defaultConfigurationIsVisible = 0;
			defaultConfigurationName = Release;
		};
		B7D71FA92D8563E000E33984 /* Build configuration list for PBXNativeTarget "Hello RustUITests" */ = {
			isa = XCConfigurationList;
			buildConfigurations = (
				B7D71FAA2D8563E000E33984 /* Debug */,
				B7D71FAB2D8563E000E33984 /* Release */,
			);
			defaultConfigurationIsVisible = 0;
			defaultConfigurationName = Release;
		};
/* End XCConfigurationList section */
	};
	rootObject = B7D71F772D8563DD00E33984 /* Project object */;
}
